
Microsoft Visual Studio Solution File, Format Version 12.00
# Visual Studio Version 17
VisualStudioVersion = 17.1.32328.378
MinimumVisualStudioVersion = 10.0.40219.1
Project("{FAE04EC0-301F-11D3-BF4B-00C04F79EFBC}") = "RPG", "RPG.csproj", "{8E2CB9A6-F7DE-4B0F-9E4C-8C4F9860F10B}"
EndProject
Global
	GlobalSection(SolutionConfigurationPlatforms) = preSolution
		Debug|Any CPU = Debug|Any CPU
		Release|Any CPU = Release|Any CPU
	EndGlobalSection
	GlobalSection(ProjectConfigurationPlatforms) = postSolution
		{8E2CB9A6-F7DE-4B0F-9E4C-8C4F9860F10B}.Debug|Any CPU.ActiveCfg = Debug|Any CPU
		{8E2CB9A6-F7DE-4B0F-9E4C-8C4F9860F10B}.Debug|Any CPU.Build.0 = Debug|Any CPU
		{8E2CB9A6-F7DE-4B0F-9E4C-8C4F9860F10B}.Release|Any CPU.ActiveCfg = Release|Any CPU
		{8E2CB9A6-F7DE-4B0F-9E4C-8C4F9860F10B}.Release|Any CPU.Build.0 = Release|Any CPU
	EndGlobalSection
	GlobalSection(SolutionProperties) = preSolution
		HideSolutionNode = FALSE
	EndGlobalSection
	GlobalSection(ExtensibilityGlobals) = postSolution
		SolutionGuid = {1C12C2D0-1F53-4EFE-A110-3592AD005219}
	EndGlobalSection
EndGlobal
